PODS:
  - Flutter (1.0.0)
  - fluttertoast (0.0.2):
    - Flutter
  - nb_utils (0.0.1):
    - Flutter

DEPENDENCIES:
  - Flutter (from `Flutter`)
  - fluttertoast (from `.symlinks/plugins/fluttertoast/ios`)
  - nb_utils (from `.symlinks/plugins/nb_utils/ios`)

EXTERNAL SOURCES:
  Flutter:
    :path: Flutter
  fluttertoast:
    :path: ".symlinks/plugins/fluttertoast/ios"
  nb_utils:
    :path: ".symlinks/plugins/nb_utils/ios"

SPEC CHECKSUMS:
  Flutter: 71a624a5bc0c04062bf19101d501e466baf2fb47
  fluttertoast: 2c67e14dce98bbdb200df9e1acf610d7a6264ea1
  nb_utils: f4e2d76a9018f7ac0ed7823d8efd6eca639c01a5

PODFILE CHECKSUM: ba7e06541110243ff1ad3a744fcd957fed1b2a50

COCOAPODS: 1.16.2
